<?xml version="1.0" encoding="UTF-8" standalone="yes" ?>
<CodeBlocks_project_file>
	<FileVersion major="1" minor="6" />
	<Project>
		<Option title="Scanner" />
		<Option makefile_is_custom="1" />
		<Option compiler="gcc" />
		<Option virtualFolders="CMake Files/;" />
		<Build>
			<Target title="all">
				<Option output="Scanner" prefix_auto="0" extension_auto="0" />
				<Option working_dir="" />
				<Option object_output="/home/tyler/Scanner-for-C/.objs" />
				<Option type="1" />
				<Option compiler="gcc" />
				<MakeCommands>
					<Build command='/usr/bin/make -f &quot;/home/tyler/Scanner-for-C/Makefile&quot;  VERBOSE=1 all' />
					<CompileFile command='/usr/bin/make -f &quot;/home/tyler/Scanner-for-C/Makefile&quot;  VERBOSE=1 &quot;$file&quot;' />
					<Clean command='/usr/bin/make -f &quot;/home/tyler/Scanner-for-C/Makefile&quot;  VERBOSE=1 clean' />
					<DistClean command='/usr/bin/make -f &quot;/home/tyler/Scanner-for-C/Makefile&quot;  VERBOSE=1 clean' />
					<AskRebuildNeeded command="$make -q -f $makefile $target" />
					<SilentBuild command="$make -f $makefile $target &gt; $(CMD_NULL)" />
				</MakeCommands>
			</Target>
			<Target title="install">
				<Option type="4" />
				<Option compiler="gcc" />
				<MakeCommands>
					<Build command='/usr/bin/make -f &quot;/home/tyler/Scanner-for-C/Makefile&quot;  VERBOSE=1 install' />
					<CompileFile command='/usr/bin/make -f &quot;/home/tyler/Scanner-for-C/Makefile&quot;  VERBOSE=1 &quot;$file&quot;' />
					<Clean command='/usr/bin/make -f &quot;/home/tyler/Scanner-for-C/Makefile&quot;  VERBOSE=1 clean' />
					<DistClean command='/usr/bin/make -f &quot;/home/tyler/Scanner-for-C/Makefile&quot;  VERBOSE=1 clean' />
					<AskRebuildNeeded command="$make -q -f $makefile $target" />
					<SilentBuild command="$make -f $makefile $target &gt; $(CMD_NULL)" />
				</MakeCommands>
			</Target>
			<Target title="list_install_components">
				<Option type="4" />
				<Option compiler="gcc" />
				<MakeCommands>
					<Build command='/usr/bin/make -f &quot;/home/tyler/Scanner-for-C/Makefile&quot;  VERBOSE=1 list_install_components' />
					<CompileFile command='/usr/bin/make -f &quot;/home/tyler/Scanner-for-C/Makefile&quot;  VERBOSE=1 &quot;$file&quot;' />
					<Clean command='/usr/bin/make -f &quot;/home/tyler/Scanner-for-C/Makefile&quot;  VERBOSE=1 clean' />
					<DistClean command='/usr/bin/make -f &quot;/home/tyler/Scanner-for-C/Makefile&quot;  VERBOSE=1 clean' />
					<AskRebuildNeeded command="$make -q -f $makefile $target" />
					<SilentBuild command="$make -f $makefile $target &gt; $(CMD_NULL)" />
				</MakeCommands>
			</Target>
			<Target title="rebuild_cache">
				<Option type="4" />
				<Option compiler="gcc" />
				<MakeCommands>
					<Build command='/usr/bin/make -f &quot;/home/tyler/Scanner-for-C/Makefile&quot;  VERBOSE=1 rebuild_cache' />
					<CompileFile command='/usr/bin/make -f &quot;/home/tyler/Scanner-for-C/Makefile&quot;  VERBOSE=1 &quot;$file&quot;' />
					<Clean command='/usr/bin/make -f &quot;/home/tyler/Scanner-for-C/Makefile&quot;  VERBOSE=1 clean' />
					<DistClean command='/usr/bin/make -f &quot;/home/tyler/Scanner-for-C/Makefile&quot;  VERBOSE=1 clean' />
					<AskRebuildNeeded command="$make -q -f $makefile $target" />
					<SilentBuild command="$make -f $makefile $target &gt; $(CMD_NULL)" />
				</MakeCommands>
			</Target>
			<Target title="Scanner">
				<Option output="/home/tyler/Scanner-for-C/Scanner" prefix_auto="0" extension_auto="0" />
				<Option working_dir="/home/tyler/Scanner-for-C" />
				<Option object_output="./" />
				<Option type="1" />
				<Option compiler="gcc" />
				<Compiler>
					<Add directory="/usr/include" />
					<Add directory="/usr/include/c++/5" />
					<Add directory="/usr/include/c++/5/backward" />
					<Add directory="/usr/include/x86_64-linux-gnu" />
					<Add directory="/usr/include/x86_64-linux-gnu/c++/5" />
					<Add directory="/usr/lib/gcc/x86_64-linux-gnu/5/include" />
					<Add directory="/usr/lib/gcc/x86_64-linux-gnu/5/include-fixed" />
					<Add directory="/usr/local/include" />
				</Compiler>
				<MakeCommands>
					<Build command='/usr/bin/make -f &quot;/home/tyler/Scanner-for-C/Makefile&quot;  VERBOSE=1 Scanner' />
					<CompileFile command='/usr/bin/make -f &quot;/home/tyler/Scanner-for-C/Makefile&quot;  VERBOSE=1 &quot;$file&quot;' />
					<Clean command='/usr/bin/make -f &quot;/home/tyler/Scanner-for-C/Makefile&quot;  VERBOSE=1 clean' />
					<DistClean command='/usr/bin/make -f &quot;/home/tyler/Scanner-for-C/Makefile&quot;  VERBOSE=1 clean' />
					<AskRebuildNeeded command="$make -q -f $makefile $target" />
					<SilentBuild command="$make -f $makefile $target &gt; $(CMD_NULL)" />
				</MakeCommands>
			</Target>
			<Target title="Scanner/fast">
				<Option output="/home/tyler/Scanner-for-C/Scanner" prefix_auto="0" extension_auto="0" />
				<Option working_dir="/home/tyler/Scanner-for-C" />
				<Option object_output="./" />
				<Option type="1" />
				<Option compiler="gcc" />
				<Compiler>
					<Add directory="/usr/include" />
					<Add directory="/usr/include/c++/5" />
					<Add directory="/usr/include/c++/5/backward" />
					<Add directory="/usr/include/x86_64-linux-gnu" />
					<Add directory="/usr/include/x86_64-linux-gnu/c++/5" />
					<Add directory="/usr/lib/gcc/x86_64-linux-gnu/5/include" />
					<Add directory="/usr/lib/gcc/x86_64-linux-gnu/5/include-fixed" />
					<Add directory="/usr/local/include" />
				</Compiler>
				<MakeCommands>
					<Build command='/usr/bin/make -f &quot;/home/tyler/Scanner-for-C/Makefile&quot;  VERBOSE=1 Scanner/fast' />
					<CompileFile command='/usr/bin/make -f &quot;/home/tyler/Scanner-for-C/Makefile&quot;  VERBOSE=1 &quot;$file&quot;' />
					<Clean command='/usr/bin/make -f &quot;/home/tyler/Scanner-for-C/Makefile&quot;  VERBOSE=1 clean' />
					<DistClean command='/usr/bin/make -f &quot;/home/tyler/Scanner-for-C/Makefile&quot;  VERBOSE=1 clean' />
					<AskRebuildNeeded command="$make -q -f $makefile $target" />
					<SilentBuild command="$make -f $makefile $target &gt; $(CMD_NULL)" />
				</MakeCommands>
			</Target>
			<Target title="install/local">
				<Option type="4" />
				<Option compiler="gcc" />
				<MakeCommands>
					<Build command='/usr/bin/make -f &quot;/home/tyler/Scanner-for-C/Makefile&quot;  VERBOSE=1 install/local' />
					<CompileFile command='/usr/bin/make -f &quot;/home/tyler/Scanner-for-C/Makefile&quot;  VERBOSE=1 &quot;$file&quot;' />
					<Clean command='/usr/bin/make -f &quot;/home/tyler/Scanner-for-C/Makefile&quot;  VERBOSE=1 clean' />
					<DistClean command='/usr/bin/make -f &quot;/home/tyler/Scanner-for-C/Makefile&quot;  VERBOSE=1 clean' />
					<AskRebuildNeeded command="$make -q -f $makefile $target" />
					<SilentBuild command="$make -f $makefile $target &gt; $(CMD_NULL)" />
				</MakeCommands>
			</Target>
			<Target title="install/strip">
				<Option type="4" />
				<Option compiler="gcc" />
				<MakeCommands>
					<Build command='/usr/bin/make -f &quot;/home/tyler/Scanner-for-C/Makefile&quot;  VERBOSE=1 install/strip' />
					<CompileFile command='/usr/bin/make -f &quot;/home/tyler/Scanner-for-C/Makefile&quot;  VERBOSE=1 &quot;$file&quot;' />
					<Clean command='/usr/bin/make -f &quot;/home/tyler/Scanner-for-C/Makefile&quot;  VERBOSE=1 clean' />
					<DistClean command='/usr/bin/make -f &quot;/home/tyler/Scanner-for-C/Makefile&quot;  VERBOSE=1 clean' />
					<AskRebuildNeeded command="$make -q -f $makefile $target" />
					<SilentBuild command="$make -f $makefile $target &gt; $(CMD_NULL)" />
				</MakeCommands>
			</Target>
			<Target title="edit_cache">
				<Option type="4" />
				<Option compiler="gcc" />
				<MakeCommands>
					<Build command='/usr/bin/make -f &quot;/home/tyler/Scanner-for-C/Makefile&quot;  VERBOSE=1 edit_cache' />
					<CompileFile command='/usr/bin/make -f &quot;/home/tyler/Scanner-for-C/Makefile&quot;  VERBOSE=1 &quot;$file&quot;' />
					<Clean command='/usr/bin/make -f &quot;/home/tyler/Scanner-for-C/Makefile&quot;  VERBOSE=1 clean' />
					<DistClean command='/usr/bin/make -f &quot;/home/tyler/Scanner-for-C/Makefile&quot;  VERBOSE=1 clean' />
					<AskRebuildNeeded command="$make -q -f $makefile $target" />
					<SilentBuild command="$make -f $makefile $target &gt; $(CMD_NULL)" />
				</MakeCommands>
			</Target>
		</Build>
		<Unit filename="CMakeLists.txt">
			<Option virtualFolder="CMake Files/" />
		</Unit>
		<Unit filename="example.c">
			<Option compilerVar="CC" />
			<Option target="Scanner" />
		</Unit>
		<Unit filename="scanner.h">
			<Option target="Scanner" />
		</Unit>
		<Extensions>
			<code_completion />
			<debugger />
		</Extensions>
	</Project>
</CodeBlocks_project_file>
